
Microsoft Visual Studio Solution File, Format Version 12.00
# Visual Studio Version 16
VisualStudioVersion = 16.0.29806.167
MinimumVisualStudioVersion = 10.0.40219.1
Project("{FAE04EC0-301F-11D3-BF4B-00C04F79EFBC}") = "ReentryParticleEffectRenewed", "ReentryParticleEffectRenewed\ReentryParticleEffectRenewed.csproj", "{9113C372-EB98-480D-B614-6EE507011FFF}"
EndProject
Project("{2150E333-8FDC-42A3-9474-1A3956D46DE8}") = "SolutionItems", "SolutionItems", "{3AC99480-EDDC-4479-BCCB-6517447C7DA4}"
	ProjectSection(SolutionItems) = preProject
		..\..\..\Dropbox\KSP stuff\VS_WorkingDir\repos\ReentryParticleEffectRenewed\.gitignore = ..\..\..\Dropbox\KSP stuff\VS_WorkingDir\repos\ReentryParticleEffectRenewed\.gitignore
		..\..\..\Dropbox\KSP stuff\VS_WorkingDir\repos\ReentryParticleEffectRenewed\LICENSE.txt = ..\..\..\Dropbox\KSP stuff\VS_WorkingDir\repos\ReentryParticleEffectRenewed\LICENSE.txt
		..\..\..\Dropbox\KSP stuff\VS_WorkingDir\repos\ReentryParticleEffectRenewed\README.txt = ..\..\..\Dropbox\KSP stuff\VS_WorkingDir\repos\ReentryParticleEffectRenewed\README.txt
	EndProjectSection
EndProject
Global
	GlobalSection(SolutionConfigurationPlatforms) = preSolution
		Debug|Any CPU = Debug|Any CPU
		Release|Any CPU = Release|Any CPU
	EndGlobalSection
	GlobalSection(ProjectConfigurationPlatforms) = postSolution
		{9113C372-EB98-480D-B614-6EE507011FFF}.Debug|Any CPU.ActiveCfg = Debug|Any CPU
		{9113C372-EB98-480D-B614-6EE507011FFF}.Debug|Any CPU.Build.0 = Debug|Any CPU
		{9113C372-EB98-480D-B614-6EE507011FFF}.Release|Any CPU.ActiveCfg = Release|Any CPU
		{9113C372-EB98-480D-B614-6EE507011FFF}.Release|Any CPU.Build.0 = Release|Any CPU
	EndGlobalSection
	GlobalSection(SolutionProperties) = preSolution
		HideSolutionNode = FALSE
	EndGlobalSection
	GlobalSection(ExtensibilityGlobals) = postSolution
		SolutionGuid = {4EBBA62C-59E5-40CA-AE66-2282FD93EF85}
	EndGlobalSection
EndGlobal
